// !$*UTF8*$!
{
	archiveVersion = 1;
	classes = {
	};
	objectVersion = 50;
	objects = {

/* Begin PBXBuildFile section */
		DC5DBD9920F7CC81002EA1AB /* AppDelegate.swift in Sources */ = {isa = PBXBuildFile; fileRef = DC5DBD9820F7CC81002EA1AB /* AppDelegate.swift */; };
		DC5DBD9B20F7CC81002EA1AB /* ViewController.swift in Sources */ = {isa = PBXBuildFile; fileRef = DC5DBD9A20F7CC81002EA1AB /* ViewController.swift */; };
		DC5DBD9E20F7CC81002EA1AB /* Main.storyboard in Resources */ = {isa = PBXBuildFile; fileRef = DC5DBD9C20F7CC81002EA1AB /* Main.storyboard */; };
		DC5DBDA120F7CC81002EA1AB /* coderswag.xcdatamodeld in Sources */ = {isa = PBXBuildFile; fileRef = DC5DBD9F20F7CC81002EA1AB /* coderswag.xcdatamodeld */; };
		DC5DBDA320F7CC82002EA1AB /* Assets.xcassets in Resources */ = {isa = PBXBuildFile; fileRef = DC5DBDA220F7CC82002EA1AB /* Assets.xcassets */; };
		DC5DBDA620F7CC82002EA1AB /* LaunchScreen.storyboard in Resources */ = {isa = PBXBuildFile; fileRef = DC5DBDA420F7CC82002EA1AB /* LaunchScreen.storyboard */; };
/* End PBXBuildFile section */

/* Begin PBXFileReference section */
		DC5DBD9520F7CC81002EA1AB /* coderswag.app */ = {isa = PBXFileReference; explicitFileType = wrapper.application; includeInIndex = 0; path = coderswag.app; sourceTree = BUILT_PRODUCTS_DIR; };
		DC5DBD9820F7CC81002EA1AB /* AppDelegate.swift */ = {isa = PBXFileReference; lastKnownFileType = sourcecode.swift; path = AppDelegate.swift; sourceTree = "<group>"; };
		DC5DBD9A20F7CC81002EA1AB /* ViewController.swift */ = {isa = PBXFileReference; lastKnownFileType = sourcecode.swift; path = ViewController.swift; sourceTree = "<group>"; };
		DC5DBD9D20F7CC81002EA1AB /* Base */ = {isa = PBXFileReference; lastKnownFileType = file.storyboard; name = Base; path = Base.lproj/Main.storyboard; sourceTree = "<group>"; };
		DC5DBDA020F7CC81002EA1AB /* coderswag.xcdatamodel */ = {isa = PBXFileReference; lastKnownFileType = wrapper.xcdatamodel; path = coderswag.xcdatamodel; sourceTree = "<group>"; };
		DC5DBDA220F7CC82002EA1AB /* Assets.xcassets */ = {isa = PBXFileReference; lastKnownFileType = folder.assetcatalog; path = Assets.xcassets; sourceTree = "<group>"; };
		DC5DBDA520F7CC82002EA1AB /* Base */ = {isa = PBXFileReference; lastKnownFileType = file.storyboard; name = Base; path = Base.lproj/LaunchScreen.storyboard; sourceTree = "<group>"; };
		DC5DBDA720F7CC82002EA1AB /* Info.plist */ = {isa = PBXFileReference; lastKnownFileType = text.plist.xml; path = Info.plist; sourceTree = "<group>"; };
/* End PBXFileReference section */

/* Begin PBXFrameworksBuildPhase section */
		DC5DBD9220F7CC81002EA1AB /* Frameworks */ = {
			isa = PBXFrameworksBuildPhase;
			buildActionMask = 2147483647;
			files = (
			);
			runOnlyForDeploymentPostprocessing = 0;
		};
/* End PBXFrameworksBuildPhase section */

/* Begin PBXGroup section */
		DC5DBD8C20F7CC81002EA1AB = {
			isa = PBXGroup;
			children = (
				DC5DBD9720F7CC81002EA1AB /* coderswag */,
				DC5DBD9620F7CC81002EA1AB /* Products */,
			);
			sourceTree = "<group>";
		};
		DC5DBD9620F7CC81002EA1AB /* Products */ = {
			isa = PBXGroup;
			children = (
				DC5DBD9520F7CC81002EA1AB /* coderswag.app */,
			);
			name = Products;
			sourceTree = "<group>";
		};
		DC5DBD9720F7CC81002EA1AB /* coderswag */ = {
			isa = PBXGroup;
			children = (
				DC5DBD9820F7CC81002EA1AB /* AppDelegate.swift */,
				DC5DBD9A20F7CC81002EA1AB /* ViewController.swift */,
				DC5DBD9C20F7CC81002EA1AB /* Main.storyboard */,
				DC5DBDA220F7CC82002EA1AB /* Assets.xcassets */,
				DC5DBDA420F7CC82002EA1AB /* LaunchScreen.storyboard */,
				DC5DBDA720F7CC82002EA1AB /* Info.plist */,
				DC5DBD9F20F7CC81002EA1AB /* coderswag.xcdatamodeld */,
			);
			path = coderswag;
			sourceTree = "<group>";
		};
/* End PBXGroup section */

/* Begin PBXNativeTarget section */
		DC5DBD9420F7CC81002EA1AB /* coderswag */ = {
			isa = PBXNativeTarget;
			buildConfigurationList = DC5DBDAA20F7CC82002EA1AB /* Build configuration list for PBXNativeTarget "coderswag" */;
			buildPhases = (
				DC5DBD9120F7CC81002EA1AB /* Sources */,
				DC5DBD9220F7CC81002EA1AB /* Frameworks */,
				DC5DBD9320F7CC81002EA1AB /* Resources */,
			);
			buildRules = (
			);
			dependencies = (
			);
			name = coderswag;
			productName = coderswag;
			productReference = DC5DBD9520F7CC81002EA1AB /* coderswag.app */;
			productType = "com.apple.product-type.application";
		};
/* End PBXNativeTarget section */

/* Begin PBXProject section */
		DC5DBD8D20F7CC81002EA1AB /* Project object */ = {
			isa = PBXProject;
			attributes = {
				LastSwiftUpdateCheck = 0940;
				LastUpgradeCheck = 0940;
				ORGANIZATIONNAME = "ma-RodgersM";
				TargetAttributes = {
					DC5DBD9420F7CC81002EA1AB = {
						CreatedOnToolsVersion = 9.4.1;
					};
				};
			};
			buildConfigurationList = DC5DBD9020F7CC81002EA1AB /* Build configuration list for PBXProject "coderswag" */;
			compatibilityVersion = "Xcode 9.3";
			developmentRegion = en;
			hasScannedForEncodings = 0;
			knownRegions = (
				en,
				Base,
			);
			mainGroup = DC5DBD8C20F7CC81002EA1AB;
			productRefGroup = DC5DBD9620F7CC81002EA1AB /* Products */;
			projectDirPath = "";
			projectRoot = "";
			targets = (
				DC5DBD9420F7CC81002EA1AB /* coderswag */,
			);
		};
/* End PBXProject section */

/* Begin PBXResourcesBuildPhase section */
		DC5DBD9320F7CC81002EA1AB /* Resources */ = {
			isa = PBXResourcesBuildPhase;
			buildActionMask = 2147483647;
			files = (
				DC5DBDA620F7CC82002EA1AB /* LaunchScreen.storyboard in Resources */,
				DC5DBDA320F7CC82002EA1AB /* Assets.xcassets in Resources */,
				DC5DBD9E20F7CC81002EA1AB /* Main.storyboard in Resources */,
			);
			runOnlyForDeploymentPostprocessing = 0;
		};
/* End PBXResourcesBuildPhase section */

/* Begin PBXSourcesBuildPhase section */
		DC5DBD9120F7CC81002EA1AB /* Sources */ = {
			isa = PBXSourcesBuildPhase;
			buildActionMask = 2147483647;
			files = (
				DC5DBDA120F7CC81002EA1AB /* coderswag.xcdatamodeld in Sources */,
				DC5DBD9B20F7CC81002EA1AB /* ViewController.swift in Sources */,
				DC5DBD9920F7CC81002EA1AB /* AppDelegate.swift in Sources */,
			);
			runOnlyForDeploymentPostprocessing = 0;
		};
/* End PBXSourcesBuildPhase section */

/* Begin PBXVariantGroup section */
		DC5DBD9C20F7CC81002EA1AB /* Main.storyboard */ = {
			isa = PBXVariantGroup;
			children = (
				DC5DBD9D20F7CC81002EA1AB /* Base */,
			);
			name = Main.storyboard;
			sourceTree = "<group>";
		};
		DC5DBDA420F7CC82002EA1AB /* LaunchScreen.storyboard */ = {
			isa = PBXVariantGroup;
			children = (
				DC5DBDA520F7CC82002EA1AB /* Base */,
			);
			name = LaunchScreen.storyboard;
			sourceTree = "<group>";
		};
/* End PBXVariantGroup section */

/* Begin XCBuildConfiguration section */
		DC5DBDA820F7CC82002EA1AB /* Debug */ = {
			isa = XCBuildConfiguration;
			buildSettings = {
				ALWAYS_SEARCH_USER_PATHS = NO;
				CLANG_ANALYZER_NONNULL = YES;
				CLANG_ANALYZER_NUMBER_OBJECT_CONVERSION = YES_AGGRESSIVE;
				CLANG_CXX_LANGUAGE_STANDARD = "gnu++14";
				CLANG_CXX_LIBRARY = "libc++";
				CLANG_ENABLE_MODULES = YES;
				CLANG_ENABLE_OBJC_ARC = YES;
				CLANG_ENABLE_OBJC_WEAK = YES;
				CLANG_WARN_BLOCK_CAPTURE_AUTORELEASING = YES;
				CLANG_WARN_BOOL_CONVERSION = YES;
				CLANG_WARN_COMMA = YES;
				CLANG_WARN_CONSTANT_CONVERSION = YES;
				CLANG_WARN_DEPRECATED_OBJC_IMPLEMENTATIONS = YES;
				CLANG_WARN_DIRECT_OBJC_ISA_USAGE = YES_ERROR;
				CLANG_WARN_DOCUMENTATION_COMMENTS = YES;
				CLANG_WARN_EMPTY_BODY = YES;
				CLANG_WARN_ENUM_CONVERSION = YES;
				CLANG_WARN_INFINITE_RECURSION = YES;
				CLANG_WARN_INT_CONVERSION = YES;
				CLANG_WARN_NON_LITERAL_NULL_CONVERSION = YES;
				CLANG_WARN_OBJC_IMPLICIT_RETAIN_SELF = YES;
				CLANG_WARN_OBJC_LITERAL_CONVERSION = YES;
				CLANG_WARN_OBJC_ROOT_CLASS = YES_ERROR;
				CLANG_WARN_RANGE_LOOP_ANALYSIS = YES;
				CLANG_WARN_STRICT_PROTOTYPES = YES;
				CLANG_WARN_SUSPICIOUS_MOVE = YES;
				CLANG_WARN_UNGUARDED_AVAILABILITY = YES_AGGRESSIVE;
				CLANG_WARN_UNREACHABLE_CODE = YES;
				CLANG_WARN__DUPLICATE_METHOD_MATCH = YES;
				CODE_SIGN_IDENTITY = "iPhone Developer";
				COPY_PHASE_STRIP = NO;
				DEBUG_INFORMATION_FORMAT = dwarf;
				ENABLE_STRICT_OBJC_MSGSEND = YES;
				ENABLE_TESTABILITY = YES;
				GCC_C_LANGUAGE_STANDARD = gnu11;
				GCC_DYNAMIC_NO_PIC = NO;
				GCC_NO_COMMON_BLOCKS = YES;
				GCC_OPTIMIZATION_LEVEL = 0;
				GCC_PREPROCESSOR_DEFINITIONS = (
					"DEBUG=1",
					"$(inherited)",
				);
				GCC_WARN_64_TO_32_BIT_CONVERSION = YES;
				GCC_WARN_ABOUT_RETURN_TYPE = YES_ERROR;
				GCC_WARN_UNDECLARED_SELECTOR = YES;
				GCC_WARN_UNINITIALIZED_AUTOS = YES_AGGRESSIVE;
				GCC_WARN_UNUSED_FUNCTION = YES;
				GCC_WARN_UNUSED_VARIABLE = YES;
				IPHONEOS_DEPLOYMENT_TARGET = 11.4;
				MTL_ENABLE_DEBUG_INFO = YES;
				ONLY_ACTIVE_ARCH = YES;
				SDKROOT = iphoneos;
				SWIFT_ACTIVE_COMPILATION_CONDITIONS = DEBUG;
				SWIFT_OPTIMIZATION_LEVEL = "-Onone";
			};
			name = Debug;
		};
		DC5DBDA920F7CC82002EA1AB /* Release */ = {
			isa = XCBuildConfiguration;
			buildSettings = {
				ALWAYS_SEARCH_USER_PATHS = NO;
				CLANG_ANALYZER_NONNULL = YES;
				CLANG_ANALYZER_NUMBER_OBJECT_CONVERSION = YES_AGGRESSIVE;
				CLANG_CXX_LANGUAGE_STANDARD = "gnu++14";
				CLANG_CXX_LIBRARY = "libc++";
				CLANG_ENABLE_MODULES = YES;
				CLANG_ENABLE_OBJC_ARC = YES;
				CLANG_ENABLE_OBJC_WEAK = YES;
				CLANG_WARN_BLOCK_CAPTURE_AUTORELEASING = YES;
				CLANG_WARN_BOOL_CONVERSION = YES;
				CLANG_WARN_COMMA = YES;
				CLANG_WARN_CONSTANT_CONVERSION = YES;
				CLANG_WARN_DEPRECATED_OBJC_IMPLEMENTATIONS = YES;
				CLANG_WARN_DIRECT_OBJC_ISA_USAGE = YES_ERROR;
				CLANG_WARN_DOCUMENTATION_COMMENTS = YES;
				CLANG_WARN_EMPTY_BODY = YES;
				CLANG_WARN_ENUM_CONVERSION = YES;
				CLANG_WARN_INFINITE_RECURSION = YES;
				CLANG_WARN_INT_CONVERSION = YES;
				CLANG_WARN_NON_LITERAL_NULL_CONVERSION = YES;
				CLANG_WARN_OBJC_IMPLICIT_RETAIN_SELF = YES;
				CLANG_WARN_OBJC_LITERAL_CONVERSION = YES;
				CLANG_WARN_OBJC_ROOT_CLASS = YES_ERROR;
				CLANG_WARN_RANGE_LOOP_ANALYSIS = YES;
				CLANG_WARN_STRICT_PROTOTYPES = YES;
				CLANG_WARN_SUSPICIOUS_MOVE = YES;
				CLANG_WARN_UNGUARDED_AVAILABILITY = YES_AGGRESSIVE;
				CLANG_WARN_UNREACHABLE_CODE = YES;
				CLANG_WARN__DUPLICATE_METHOD_MATCH = YES;
				CODE_SIGN_IDENTITY = "iPhone Developer";
				COPY_PHASE_STRIP = NO;
				DEBUG_INFORMATION_FORMAT = "dwarf-with-dsym";
				ENABLE_NS_ASSERTIONS = NO;
				ENABLE_STRICT_OBJC_MSGSEND = YES;
				GCC_C_LANGUAGE_STANDARD = gnu11;
				GCC_NO_COMMON_BLOCKS = YES;
				GCC_WARN_64_TO_32_BIT_CONVERSION = YES;
				GCC_WARN_ABOUT_RETURN_TYPE = YES_ERROR;
				GCC_WARN_UNDECLARED_SELECTOR = YES;
				GCC_WARN_UNINITIALIZED_AUTOS = YES_AGGRESSIVE;
				GCC_WARN_UNUSED_FUNCTION = YES;
				GCC_WARN_UNUSED_VARIABLE = YES;
				IPHONEOS_DEPLOYMENT_TARGET = 11.4;
				MTL_ENABLE_DEBUG_INFO = NO;
				SDKROOT = iphoneos;
				SWIFT_COMPILATION_MODE = wholemodule;
				SWIFT_OPTIMIZATION_LEVEL = "-O";
				VALIDATE_PRODUCT = YES;
			};
			name = Release;
		};
		DC5DBDAB20F7CC82002EA1AB /* Debug */ = {
			isa = XCBuildConfiguration;
			buildSettings = {
				ASSETCATALOG_COMPILER_APPICON_NAME = AppIcon;
				CODE_SIGN_STYLE = Automatic;
				DEVELOPMENT_TEAM = HA5USQ3XE8;
				INFOPLIST_FILE = coderswag/Info.plist;
				LD_RUNPATH_SEARCH_PATHS = (
					"$(inherited)",
					"@executable_path/Frameworks",
				);
				PRODUCT_BUNDLE_IDENTIFIER = com.Rodgers.coderswag;
				PRODUCT_NAME = "$(TARGET_NAME)";
				SWIFT_VERSION = 4.0;
				TARGETED_DEVICE_FAMILY = "1,2";
			};
			name = Debug;
		};
		DC5DBDAC20F7CC82002EA1AB /* Release */ = {
			isa = XCBuildConfiguration;
			buildSettings = {
				ASSETCATALOG_COMPILER_APPICON_NAME = AppIcon;
				CODE_SIGN_STYLE = Automatic;
				DEVELOPMENT_TEAM = HA5USQ3XE8;
				INFOPLIST_FILE = coderswag/Info.plist;
				LD_RUNPATH_SEARCH_PATHS = (
					"$(inherited)",
					"@executable_path/Frameworks",
				);
				PRODUCT_BUNDLE_IDENTIFIER = com.Rodgers.coderswag;
				PRODUCT_NAME = "$(TARGET_NAME)";
				SWIFT_VERSION = 4.0;
				TARGETED_DEVICE_FAMILY = "1,2";
			};
			name = Release;
		};
/* End XCBuildConfiguration section */

/* Begin XCConfigurationList section */
		DC5DBD9020F7CC81002EA1AB /* Build configuration list for PBXProject "coderswag" */ = {
			isa = XCConfigurationList;
			buildConfigurations = (
				DC5DBDA820F7CC82002EA1AB /* Debug */,
				DC5DBDA920F7CC82002EA1AB /* Release */,
			);
			defaultConfigurationIsVisible = 0;
			defaultConfigurationName = Release;
		};
		DC5DBDAA20F7CC82002EA1AB /* Build configuration list for PBXNativeTarget "coderswag" */ = {
			isa = XCConfigurationList;
			buildConfigurations = (
				DC5DBDAB20F7CC82002EA1AB /* Debug */,
				DC5DBDAC20F7CC82002EA1AB /* Release */,
			);
			defaultConfigurationIsVisible = 0;
			defaultConfigurationName = Release;
		};
/* End XCConfigurationList section */

/* Begin XCVersionGroup section */
		DC5DBD9F20F7CC81002EA1AB /* coderswag.xcdatamodeld */ = {
			isa = XCVersionGroup;
			children = (
				DC5DBDA020F7CC81002EA1AB /* coderswag.xcdatamodel */,
			);
			currentVersion = DC5DBDA020F7CC81002EA1AB /* coderswag.xcdatamodel */;
			path = coderswag.xcdatamodeld;
			sourceTree = "<group>";
			versionGroupType = wrapper.xcdatamodel;
		};
/* End XCVersionGroup section */
	};
	rootObject = DC5DBD8D20F7CC81002EA1AB /* Project object */;
}
